version: 7
platforms:
- name: win-64
environments:
  default:
    channels:
    - url: https://conda.anaconda.org/conda-forge/
    packages:
      win-64:
      - conda: https://conda.anaconda.org/conda-forge/noarch/ca-certificates-2026.4.22-h4c7d964_0.conda
      - conda: https://conda.anaconda.org/conda-forge/win-64/abseil-cpp-20220623.0-h36ffca9_6.conda
      - conda: https://conda.anaconda.org/conda-forge/win-64/boost-cpp-1.85.0-ha5ead02_4.conda
      - conda: https://conda.anaconda.org/conda-forge/win-64/bzip2-1.0.8-h0ad9c76_9.conda
      - conda: https://conda.anaconda.org/conda-forge/win-64/cmake-4.3.2-hdcbee5b_0.conda
      - conda: https://conda.anaconda.org/conda-forge/win-64/eigen-5.0.1-h5112557_0.conda
      - conda: https://conda.anaconda.org/conda-forge/win-64/fmt-12.1.0-h7f4e812_0.conda
      - conda: https://conda.anaconda.org/conda-forge/win-64/krb5-1.22.2-h0ea6238_0.conda
      - conda: https://conda.anaconda.org/conda-forge/win-64/libabseil-static-20220623.0-cxx11_h58a5ce6_6.conda
      - conda: https://conda.anaconda.org/conda-forge/win-64/libboost-1.85.0-h444863b_4.conda
      - conda: https://conda.anaconda.org/conda-forge/win-64/libboost-devel-1.85.0-h91493d7_4.conda
      - conda: https://conda.anaconda.org/conda-forge/win-64/libboost-headers-1.85.0-h57928b3_4.conda
      - conda: https://conda.anaconda.org/conda-forge/win-64/libcurl-8.20.0-h8206538_0.conda
      - conda: https://conda.anaconda.org/conda-forge/win-64/libexpat-2.8.0-hac47afa_0.conda
      - conda: https://conda.anaconda.org/conda-forge/win-64/libiconv-1.18-hc1393d2_2.conda
      - conda: https://conda.anaconda.org/conda-forge/win-64/liblzma-5.8.3-hfd05255_0.conda
      - conda: https://conda.anaconda.org/conda-forge/win-64/liblzma-devel-5.8.3-hfd05255_0.conda
      - conda: https://conda.anaconda.org/conda-forge/win-64/libssh2-1.11.1-h9aa295b_0.conda
      - conda: https://conda.anaconda.org/conda-forge/win-64/libuv-1.51.0-hfd05255_1.conda
      - conda: https://conda.anaconda.org/conda-forge/win-64/libzlib-1.3.2-hfd05255_2.conda
      - conda: https://conda.anaconda.org/conda-forge/win-64/ninja-1.13.2-h477610d_0.conda
      - conda: https://conda.anaconda.org/conda-forge/win-64/nlohmann_json-3.12.0-h5112557_1.conda
      - conda: https://conda.anaconda.org/conda-forge/win-64/openssl-3.6.2-hf411b9b_0.conda
      - conda: https://conda.anaconda.org/conda-forge/win-64/range-v3-0.12.0-h63175ca_0.conda
      - conda: https://conda.anaconda.org/conda-forge/win-64/spdlog-1.17.0-h9f585f1_1.conda
      - conda: https://conda.anaconda.org/conda-forge/win-64/ucrt-10.0.26100.0-h57928b3_0.conda
      - conda: https://conda.anaconda.org/conda-forge/win-64/vc-14.5-h1b7c187_36.conda
      - conda: https://conda.anaconda.org/conda-forge/win-64/vc14_runtime-14.51.36231-h1b9f54f_36.conda
      - conda: https://conda.anaconda.org/conda-forge/win-64/vcomp14-14.51.36231-h1b9f54f_36.conda
      - conda: https://conda.anaconda.org/conda-forge/win-64/vs2015_runtime-14.51.36231-h84cd919_36.conda
      - conda: https://conda.anaconda.org/conda-forge/win-64/xz-5.8.3-hb6c8415_0.conda
      - conda: https://conda.anaconda.org/conda-forge/win-64/xz-tools-5.8.3-hfd05255_0.conda
      - conda: https://conda.anaconda.org/conda-forge/win-64/zstd-1.5.7-h534d264_6.conda
packages:
- conda: https://conda.anaconda.org/conda-forge/noarch/ca-certificates-2026.4.22-h4c7d964_0.conda
  sha256: 6f4ff81534c19e76acf52fcabf4a258088a932b8f1ac56e9a59e98f6051f8e46
  md5: 56fb2c6c73efc627b40c77d14caecfba
  depends:
  - __win
  license: ISC
  size: 131388
  timestamp: 1776865633471
- conda: https://conda.anaconda.org/conda-forge/win-64/abseil-cpp-20220623.0-h36ffca9_6.conda
  sha256: 9dfe315d16b427855d2207e4b716363446ec5fdd63443761e9b7e177b8b4f9cc
  md5: 3bfd7960410e542e7aeae9d15ce7cdac
  depends:
  - libabseil-static 20220623.0 cxx11_h58a5ce6_6
  license: Apache-2.0
  license_family: Apache
  size: 17503
  timestamp: 1670672013344
- conda: https://conda.anaconda.org/conda-forge/win-64/boost-cpp-1.85.0-ha5ead02_4.conda
  sha256: 5e66d24b08753e31037d1ec785d5a37c83e709d3eb2ce4109d6ae3cc9d060c22
  md5: dbfe65fc56fc8c5cc13476954a0c438b
  depends:
  - bzip2 >=1.0.8,<2.0a0
  - libboost-devel 1.85.0 h91493d7_4
  - libiconv >=1.17,<2.0a0
  - libzlib >=1.3.1,<2.0a0
  - xz >=5.2.6,<6.0a0
  - zstd >=1.5.6,<1.6.0a0
  license: BSL-1.0
  size: 18645
  timestamp: 1722291848655
- conda: https://conda.anaconda.org/conda-forge/win-64/bzip2-1.0.8-h0ad9c76_9.conda
  sha256: 76dfb71df5e8d1c4eded2dbb5ba15bb8fb2e2b0fe42d94145d5eed4c75c35902
  md5: 4cb8e6b48f67de0b018719cdf1136306
  depends:
  - ucrt >=10.0.20348.0
  - vc >=14.3,<15
  - vc14_runtime >=14.44.35208
  license: bzip2-1.0.6
  license_family: BSD
  size: 56115
  timestamp: 1771350256444
- conda: https://conda.anaconda.org/conda-forge/win-64/cmake-4.3.2-hdcbee5b_0.conda
  sha256: 517c6c6ded915b5ad6b4dac2d35a5ab2383a33011e6bc18a21058c27b8187099
  md5: a4d609ce79895c878eb414c758083168
  depends:
  - bzip2 >=1.0.8,<2.0a0
  - libcurl >=8.19.0,<9.0a0
  - libexpat >=2.7.5,<3.0a0
  - liblzma >=5.8.3,<6.0a0
  - libuv >=1.51.0,<2.0a0
  - libzlib >=1.3.2,<2.0a0
  - ucrt >=10.0.20348.0
  - vc14_runtime >=14.44.35208
  - zstd >=1.5.7,<1.6.0a0
  license: BSD-3-Clause
  license_family: BSD
  size: 16090645
  timestamp: 1776800923287
- conda: https://conda.anaconda.org/conda-forge/win-64/eigen-5.0.1-h5112557_0.conda
  sha256: a99c0cc584abb5bb4f0279ec1566cd63a4f943244b3cfdb0064b94eb37a80104
  md5: 0580baa22b9e354b61529f59b10ef651
  license: MPL-2.0
  license_family: MOZILLA
  size: 1308183
  timestamp: 1773744771265
- conda: https://conda.anaconda.org/conda-forge/win-64/fmt-12.1.0-h7f4e812_0.conda
  sha256: cce96406ec353692ab46cd9d992eddb6923979c1a342cbdba33521a7c234176f
  md5: 6e226b58e18411571aaa57a16ad10831
  depends:
  - ucrt >=10.0.20348.0
  - vc >=14.3,<15
  - vc14_runtime >=14.44.35208
  license: MIT
  license_family: MIT
  size: 186390
  timestamp: 1767681264793
- conda: https://conda.anaconda.org/conda-forge/win-64/krb5-1.22.2-h0ea6238_0.conda
  sha256: eb60f1ad8b597bcf95dee11bc11fe71a8325bc1204cf51d2bb1f2120ffd77761
  md5: 4432f52dc0c8eb6a7a6abc00a037d93c
  depends:
  - openssl >=3.5.5,<4.0a0
  - ucrt >=10.0.20348.0
  - vc >=14.3,<15
  - vc14_runtime >=14.44.35208
  license: MIT
  license_family: MIT
  size: 751055
  timestamp: 1769769688841
- conda: https://conda.anaconda.org/conda-forge/win-64/libabseil-static-20220623.0-cxx11_h58a5ce6_6.conda
  sha256: ca6388381ab6ff9261ea8ab2a5b56ebdfe56d55b5e695c8b6cced8d4f72f0abc
  md5: a680a1904dab507b5a42a135f9ac17d0
  depends:
  - ucrt >=10.0.20348.0
  - vc >=14.2,<15
  - vs2015_runtime >=14.29.30139
  constrains:
  - libabseil =20220623.0=cxx11*
  - abseil-cpp =20220623.0
  license: Apache-2.0
  license_family: Apache
  size: 1850719
  timestamp: 1670671987793
- conda: https://conda.anaconda.org/conda-forge/win-64/libboost-1.85.0-h444863b_4.conda
  sha256: 32fc57dbd9e1dbc48cb379dd925515d6001d1ed7e70dba7192072771289b8d22
  md5: cdd22f144b2c17e1c434f9bdb00b91f8
  depends:
  - bzip2 >=1.0.8,<2.0a0
  - libiconv >=1.17,<2.0a0
  - libzlib >=1.3.1,<2.0a0
  - ucrt >=10.0.20348.0
  - vc >=14.2,<15
  - vc14_runtime >=14.29.30139
  - xz >=5.2.6,<6.0a0
  - zstd >=1.5.6,<1.6.0a0
  constrains:
  - boost-cpp =1.85.0
  license: BSL-1.0
  size: 2441873
  timestamp: 1722291486126
- conda: https://conda.anaconda.org/conda-forge/win-64/libboost-devel-1.85.0-h91493d7_4.conda
  sha256: 64ecbc36863488ac08f67aa7272932d5d2d35e4515b3d39cbfeeef45f03ad7f2
  md5: b72984d87fc4f0bf17f224d0f73877da
  depends:
  - libboost 1.85.0 h444863b_4
  - libboost-headers 1.85.0 h57928b3_4
  constrains:
  - boost-cpp =1.85.0
  license: BSL-1.0
  size: 43657
  timestamp: 1722291785613
- conda: https://conda.anaconda.org/conda-forge/win-64/libboost-headers-1.85.0-h57928b3_4.conda
  sha256: c1b5f878403534ac1b2d1b84d5c6e522f5b988ff3904ce246f1272b6b3d85f54
  md5: d62b2556b636e9091c632f1a2b5b556a
  constrains:
  - boost-cpp =1.85.0
  license: BSL-1.0
  size: 14149533
  timestamp: 1722291580251
- conda: https://conda.anaconda.org/conda-forge/win-64/libcurl-8.20.0-h8206538_0.conda
  sha256: f4ce5aa835a698532feaa368e804365a7e45a9edebe006a8e1c80505d893c24e
  md5: 7bee27a8f0a295117ccb864f30d2d87e
  depends:
  - krb5 >=1.22.2,<1.23.0a0
  - libssh2 >=1.11.1,<2.0a0
  - libzlib >=1.3.2,<2.0a0
  - ucrt >=10.0.20348.0
  - vc >=14.3,<15
  - vc14_runtime >=14.44.35208
  license: curl
  license_family: MIT
  size: 393114
  timestamp: 1777461635732
- conda: https://conda.anaconda.org/conda-forge/win-64/libexpat-2.8.0-hac47afa_0.conda
  sha256: 2d81d647c1f01108803457cac999b947456f44dd0a3c2325395677feacaeca67
  md5: 264e350e035092b5135a2147c238aec4
  depends:
  - ucrt >=10.0.20348.0
  - vc >=14.3,<15
  - vc14_runtime >=14.44.35208
  constrains:
  - expat 2.8.0.*
  license: MIT
  license_family: MIT
  size: 71094
  timestamp: 1777846223617
- conda: https://conda.anaconda.org/conda-forge/win-64/libiconv-1.18-hc1393d2_2.conda
  sha256: 0dcdb1a5f01863ac4e8ba006a8b0dc1a02d2221ec3319b5915a1863254d7efa7
  md5: 64571d1dd6cdcfa25d0664a5950fdaa2
  depends:
  - ucrt >=10.0.20348.0
  - vc >=14.3,<15
  - vc14_runtime >=14.44.35208
  license: LGPL-2.1-only
  size: 696926
  timestamp: 1754909290005
- conda: https://conda.anaconda.org/conda-forge/win-64/liblzma-5.8.3-hfd05255_0.conda
  sha256: d636d1a25234063642f9c531a7bb58d84c1c496411280a36ea000bd122f078f1
  md5: 8f83619ab1588b98dd99c90b0bfc5c6d
  depends:
  - ucrt >=10.0.20348.0
  - vc >=14.3,<15
  - vc14_runtime >=14.44.35208
  constrains:
  - xz 5.8.3.*
  license: 0BSD
  size: 106486
  timestamp: 1775825663227
- conda: https://conda.anaconda.org/conda-forge/win-64/liblzma-devel-5.8.3-hfd05255_0.conda
  sha256: 875f0535e135b9949720b80057508e14a9cb9351d4117760dacc6296f5b5704a
  md5: 7845201435d0c7c0a02269c2742da1cc
  depends:
  - liblzma 5.8.3 hfd05255_0
  - ucrt >=10.0.20348.0
  - vc >=14.3,<15
  - vc14_runtime >=14.44.35208
  license: 0BSD
  size: 130960
  timestamp: 1775825690054
- conda: https://conda.anaconda.org/conda-forge/win-64/libssh2-1.11.1-h9aa295b_0.conda
  sha256: cbdf93898f2e27cefca5f3fe46519335d1fab25c4ea2a11b11502ff63e602c09
  md5: 9dce2f112bfd3400f4f432b3d0ac07b2
  depends:
  - libzlib >=1.3.1,<2.0a0
  - openssl >=3.5.0,<4.0a0
  - ucrt >=10.0.20348.0
  - vc >=14.2,<15
  - vc14_runtime >=14.29.30139
  license: BSD-3-Clause
  license_family: BSD
  size: 292785
  timestamp: 1745608759342
- conda: https://conda.anaconda.org/conda-forge/win-64/libuv-1.51.0-hfd05255_1.conda
  sha256: f03dc82e6fb1725788e73ae97f0cd3d820d5af0d351a274104a0767035444c59
  md5: 31e1545994c48efc3e6ea32ca02a8724
  depends:
  - ucrt >=10.0.20348.0
  - vc >=14.3,<15
  - vc14_runtime >=14.44.35208
  license: MIT
  license_family: MIT
  size: 297087
  timestamp: 1753948490874
- conda: https://conda.anaconda.org/conda-forge/win-64/libzlib-1.3.2-hfd05255_2.conda
  sha256: 88609816e0cc7452bac637aaf65783e5edf4fee8a9f8e22bdc3a75882c536061
  md5: dbabbd6234dea34040e631f87676292f
  depends:
  - ucrt >=10.0.20348.0
  - vc >=14.3,<15
  - vc14_runtime >=14.44.35208
  constrains:
  - zlib 1.3.2 *_2
  license: Zlib
  license_family: Other
  size: 58347
  timestamp: 1774072851498
- conda: https://conda.anaconda.org/conda-forge/win-64/ninja-1.13.2-h477610d_0.conda
  sha256: e41a945c34a5f0bd2109b73a65486cd93023fa0a9bcba3ef98f9a3da40ba1180
  md5: 7ecb9f2f112c66f959d2bb7dbdb89b67
  depends:
  - vc >=14.3,<15
  - vc14_runtime >=14.44.35208
  - ucrt >=10.0.20348.0
  - vc >=14.3,<15
  - vc14_runtime >=14.44.35208
  - ucrt >=10.0.20348.0
  license: Apache-2.0
  license_family: APACHE
  size: 309417
  timestamp: 1763688227932
- conda: https://conda.anaconda.org/conda-forge/win-64/nlohmann_json-3.12.0-h5112557_1.conda
  sha256: 045edd5d571c235de67472ad8fe03d9706b8426c4ba9a73f408f946034b6bc5e
  md5: 24a9dde77833cc48289ef92b4e724da4
  constrains:
  - nlohmann_json-abi ==3.12.0
  license: MIT
  license_family: MIT
  size: 134870
  timestamp: 1758194302226
- conda: https://conda.anaconda.org/conda-forge/win-64/openssl-3.6.2-hf411b9b_0.conda
  sha256: feb5815125c60f2be4a411e532db1ed1cd2d7261a6a43c54cb6ae90724e2e154
  md5: 05c7d624cff49dbd8db1ad5ba537a8a3
  depends:
  - ca-certificates
  - ucrt >=10.0.20348.0
  - vc >=14.3,<15
  - vc14_runtime >=14.44.35208
  license: Apache-2.0
  license_family: Apache
  size: 9410183
  timestamp: 1775589779763
- conda: https://conda.anaconda.org/conda-forge/win-64/range-v3-0.12.0-h63175ca_0.conda
  sha256: 2af09baf64a3698ce262951affe560d661a198dd5cdba1922d99f94dcf766e9b
  md5: dda8c615b93ff7a1dafe7eaf49518acf
  depends:
  - ucrt >=10.0.20348.0
  - vc >=14.2,<15
  - vs2015_runtime >=14.29.30139
  license: BSL-1.0
  size: 232465
  timestamp: 1681983896446
- conda: https://conda.anaconda.org/conda-forge/win-64/spdlog-1.17.0-h9f585f1_1.conda
  sha256: 90c9befa5f154463647c8e101bc7a4e05cb84b731e2dea5406bedfea02f8b012
  md5: 5c17c0a063b4d36b15d5f9c0ca5377a0
  depends:
  - fmt >=12.1.0,<12.2.0a0
  - ucrt >=10.0.20348.0
  - vc >=14.3,<15
  - vc14_runtime >=14.44.35208
  license: MIT
  license_family: MIT
  size: 174787
  timestamp: 1767781882230
- conda: https://conda.anaconda.org/conda-forge/win-64/ucrt-10.0.26100.0-h57928b3_0.conda
  sha256: 3005729dce6f3d3f5ec91dfc49fc75a0095f9cd23bab49efb899657297ac91a5
  md5: 71b24316859acd00bdb8b38f5e2ce328
  constrains:
  - vc14_runtime >=14.29.30037
  - vs2015_runtime >=14.29.30037
  license: LicenseRef-MicrosoftWindowsSDK10
  size: 694692
  timestamp: 1756385147981
- conda: https://conda.anaconda.org/conda-forge/win-64/vc-14.5-h1b7c187_36.conda
  sha256: dbcbad366e38979ac8ca9efb0ec48e5fedf9ce76f9485120c131cab7315c681c
  md5: 10eac3d81ceea1be614f1d90045c7e9b
  depends:
  - vc14_runtime >=14.51.36231
  track_features:
  - vc14
  license: BSD-3-Clause
  license_family: BSD
  size: 20260
  timestamp: 1779061872533
- conda: https://conda.anaconda.org/conda-forge/win-64/vc14_runtime-14.51.36231-h1b9f54f_36.conda
  sha256: e6f48954124c4f9419e50b3de7cb4b88f3a6078bf3616e997ea60144d499aa30
  md5: df9d8c15f117f28087b4aa6efa529a56
  depends:
  - ucrt >=10.0.20348.0
  - vcomp14 14.51.36231 h1b9f54f_36
  constrains:
  - vs2015_runtime 14.51.36231.* *_36
  license: LicenseRef-MicrosoftVisualCpp2015-2022Runtime
  license_family: Proprietary
  size: 739707
  timestamp: 1779061867466
- conda: https://conda.anaconda.org/conda-forge/win-64/vcomp14-14.51.36231-h1b9f54f_36.conda
  sha256: bba3bcaf805eefd0aa14beb3d08a34a81d5d36e6890bd6ce33fcb968429a3bc7
  md5: d929e2c56341be7ae1bd9a77a9b535c2
  depends:
  - ucrt >=10.0.20348.0
  constrains:
  - vs2015_runtime 14.51.36231.* *_36
  license: LicenseRef-MicrosoftVisualCpp2015-2022Runtime
  license_family: Proprietary
  size: 124124
  timestamp: 1779061850036
- conda: https://conda.anaconda.org/conda-forge/win-64/vs2015_runtime-14.51.36231-h84cd919_36.conda
  sha256: 720d9bbbd0cd48f80d1b295fd6eb9f2e4accade35226470db97b6f09745df149
  md5: d4e73c2ddb98e1071de99e37f4499c6c
  depends:
  - vc14_runtime >=14.51.36231
  license: BSD-3-Clause
  license_family: BSD
  size: 20247
  timestamp: 1779061872946
- conda: https://conda.anaconda.org/conda-forge/win-64/xz-5.8.3-hb6c8415_0.conda
  sha256: 2c34f766619921fd543095f26a2688b845fe2cb372b71488d232ad3612630bb7
  md5: 46f70d503d68c55c104a564928a39852
  depends:
  - liblzma 5.8.3 hfd05255_0
  - liblzma-devel 5.8.3 hfd05255_0
  - ucrt >=10.0.20348.0
  - vc >=14.3,<15
  - vc14_runtime >=14.44.35208
  - xz-tools 5.8.3 hfd05255_0
  license: 0BSD AND LGPL-2.1-or-later AND GPL-2.0-or-later
  size: 24697
  timestamp: 1775825746585
- conda: https://conda.anaconda.org/conda-forge/win-64/xz-tools-5.8.3-hfd05255_0.conda
  sha256: 96b8212ff33dd8a1df8c0f69c0ad7b3551496c3068576408c0bedf9260febae2
  md5: 01b20ff45704b888d218f31a3aa3ea2a
  depends:
  - liblzma 5.8.3 hfd05255_0
  - ucrt >=10.0.20348.0
  - vc >=14.3,<15
  - vc14_runtime >=14.44.35208
  constrains:
  - xz 5.8.3.*
  license: 0BSD AND LGPL-2.1-or-later
  size: 68149
  timestamp: 1775825719953
- conda: https://conda.anaconda.org/conda-forge/win-64/zstd-1.5.7-h534d264_6.conda
  sha256: 368d8628424966fd8f9c8018326a9c779e06913dd39e646cf331226acc90e5b2
  md5: 053b84beec00b71ea8ff7a4f84b55207
  depends:
  - vc >=14.3,<15
  - vc14_runtime >=14.44.35208
  - ucrt >=10.0.20348.0
  - libzlib >=1.3.1,<2.0a0
  license: BSD-3-Clause
  license_family: BSD
  size: 388453
  timestamp: 1764777142545
