version: 7
platforms:
- name: win-64
environments:
  default:
    channels:
    - url: https://conda.anaconda.org/conda-forge/
    packages:
      win-64:
      - conda: https://conda.anaconda.org/conda-forge/win-64/nodejs-25.8.2-h80d1838_0.conda
packages:
- conda: https://conda.anaconda.org/conda-forge/win-64/nodejs-25.8.2-h80d1838_0.conda
  sha256: 5e38e51da1aa4bc352db9b4cec1c3e25811de0f4408edaa24e009a64de6dbfdf
  md5: e626ee7934e4b7cb21ce6b721cff8677
  license: MIT
  license_family: MIT
  size: 31271315
  timestamp: 1774517904472
